
Microsoft Visual Studio Solution File, Format Version 12.00
# Visual Studio Version 17
VisualStudioVersion = 17.14.36203.30 d17.14
MinimumVisualStudioVersion = 10.0.40219.1
Project("{9A19103F-16F7-4668-BE54-9A1E7A4F7556}") = "PbfLite", "src\PbfLite\PbfLite.csproj", "{41598744-013B-488C-BB2C-A6B90B4D361C}"
EndProject
Project("{9A19103F-16F7-4668-BE54-9A1E7A4F7556}") = "PbfLite.Tests", "src\PbfLite.Tests\PbfLite.Tests.csproj", "{4071F36C-F60F-4778-8BF4-2088F7922A0F}"
EndProject
Project("{FAE04EC0-301F-11D3-BF4B-00C04F79EFBC}") = "PbfLite.Benchmark", "src\PbfLite.Benchmark\PbfLite.Benchmark.csproj", "{F33692D0-1449-41FE-8859-117723AD3311}"
EndProject
Project("{FAE04EC0-301F-11D3-BF4B-00C04F79EFBC}") = "PbfLite.Generator", "src\PbfLite.Generator\PbfLite.Generator.csproj", "{72BA27C7-AA01-49AB-AB39-9A502319BC59}"
EndProject
Global
	GlobalSection(SolutionConfigurationPlatforms) = preSolution
		Debug|Any CPU = Debug|Any CPU
		Release|Any CPU = Release|Any CPU
	EndGlobalSection
	GlobalSection(ProjectConfigurationPlatforms) = postSolution
		{41598744-013B-488C-BB2C-A6B90B4D361C}.Debug|Any CPU.ActiveCfg = Debug|Any CPU
		{41598744-013B-488C-BB2C-A6B90B4D361C}.Debug|Any CPU.Build.0 = Debug|Any CPU
		{41598744-013B-488C-BB2C-A6B90B4D361C}.Release|Any CPU.ActiveCfg = Release|Any CPU
		{41598744-013B-488C-BB2C-A6B90B4D361C}.Release|Any CPU.Build.0 = Release|Any CPU
		{4071F36C-F60F-4778-8BF4-2088F7922A0F}.Debug|Any CPU.ActiveCfg = Debug|Any CPU
		{4071F36C-F60F-4778-8BF4-2088F7922A0F}.Debug|Any CPU.Build.0 = Debug|Any CPU
		{4071F36C-F60F-4778-8BF4-2088F7922A0F}.Release|Any CPU.ActiveCfg = Release|Any CPU
		{4071F36C-F60F-4778-8BF4-2088F7922A0F}.Release|Any CPU.Build.0 = Release|Any CPU
		{F33692D0-1449-41FE-8859-117723AD3311}.Debug|Any CPU.ActiveCfg = Debug|Any CPU
		{F33692D0-1449-41FE-8859-117723AD3311}.Debug|Any CPU.Build.0 = Debug|Any CPU
		{F33692D0-1449-41FE-8859-117723AD3311}.Release|Any CPU.ActiveCfg = Release|Any CPU
		{F33692D0-1449-41FE-8859-117723AD3311}.Release|Any CPU.Build.0 = Release|Any CPU
		{72BA27C7-AA01-49AB-AB39-9A502319BC59}.Debug|Any CPU.ActiveCfg = Debug|Any CPU
		{72BA27C7-AA01-49AB-AB39-9A502319BC59}.Debug|Any CPU.Build.0 = Debug|Any CPU
		{72BA27C7-AA01-49AB-AB39-9A502319BC59}.Release|Any CPU.ActiveCfg = Release|Any CPU
		{72BA27C7-AA01-49AB-AB39-9A502319BC59}.Release|Any CPU.Build.0 = Release|Any CPU
	EndGlobalSection
	GlobalSection(SolutionProperties) = preSolution
		HideSolutionNode = FALSE
	EndGlobalSection
	GlobalSection(ExtensibilityGlobals) = postSolution
		SolutionGuid = {9E98F57A-79E8-4C3E-A09A-745E10CDC8DF}
	EndGlobalSection
EndGlobal
